PODS:
  - AFNetworking (3.2.1):
    - AFNetworking/NSURLSession (= 3.2.1)
    - AFNetworking/Reachability (= 3.2.1)
    - AFNetworking/Security (= 3.2.1)
    - AFNetworking/Serialization (= 3.2.1)
    - AFNetworking/UIKit (= 3.2.1)
  - AFNetworking/NSURLSession (3.2.1):
    - AFNetworking/Reachability
    - AFNetworking/Security
    - AFNetworking/Serialization
  - AFNetworking/Reachability (3.2.1)
  - AFNetworking/Security (3.2.1)
  - AFNetworking/Serialization (3.2.1)
  - AFNetworking/UIKit (3.2.1):
    - AFNetworking/NSURLSession
  - FLAnimatedImage (1.0.12)
  - FSScrollContentView (1.0.9)
  - IQKeyboardManager (6.2.0)
  - Masonry (1.1.0)
  - MBProgressHUD (1.1.0)
  - MJExtension (3.0.15.1)
  - MJRefresh (3.1.15.7)
  - ReactiveCocoa (2.5):
    - ReactiveCocoa/UI (= 2.5)
  - ReactiveCocoa/Core (2.5):
    - ReactiveCocoa/no-arc
  - ReactiveCocoa/no-arc (2.5)
  - ReactiveCocoa/UI (2.5):
    - ReactiveCocoa/Core
  - SDCycleScrollView (1.75):
    - SDWebImage (>= 4.0.0)
  - SDWebImage (4.4.4):
    - SDWebImage/Core (= 4.4.4)
  - SDWebImage/Core (4.4.4)
  - SDWebImage/GIF (4.4.4):
    - FLAnimatedImage (~> 1.0)
    - SDWebImage/Core
  - TZImagePickerController (3.1.9)
  - YYKit (1.0.9):
    - YYKit/no-arc (= 1.0.9)
  - YYKit/no-arc (1.0.9)

DEPENDENCIES:
  - AFNetworking
  - FSScrollContentView
  - IQKeyboardManager
  - Masonry
  - MBProgressHUD
  - MJExtension
  - MJRefresh
  - ReactiveCocoa (~> 2.5)
  - SDCycleScrollView
  - SDWebImage
  - SDWebImage/GIF
  - TZImagePickerController
  - YYKit

SPEC REPOS:
  https://github.com/cocoapods/specs.git:
    - AFNetworking
    - FLAnimatedImage
    - FSScrollContentView
    - IQKeyboardManager
    - Masonry
    - MBProgressHUD
    - MJExtension
    - MJRefresh
    - ReactiveCocoa
    - SDCycleScrollView
    - SDWebImage
    - TZImagePickerController
    - YYKit

SPEC CHECKSUMS:
  AFNetworking: b6f891fdfaed196b46c7a83cf209e09697b94057
  FLAnimatedImage: 4a0b56255d9b05f18b6dd7ee06871be5d3b89e31
  FSScrollContentView: 2fdda268eb8f1a1d4aefd470bf70702dbc346d50
  IQKeyboardManager: 6194101620b73af5e67900b8f89707a99de0b804
  Masonry: 678fab65091a9290e40e2832a55e7ab731aad201
  MBProgressHUD: e7baa36a220447d8aeb12769bf0585582f3866d9
  MJExtension: 19bc33ce2eee2d319760f5622562cf581a6ff756
  MJRefresh: 697f8ec75ebdbe9207767bb682cf0f51b0d8a41f
  ReactiveCocoa: e2db045570aa97c695e7aa97c2bcab222ae51f4a
  SDCycleScrollView: 884b88f0266dd4708a0e1934975c69cb971707b1
  SDWebImage: c00ec18ab25d10e5ffac109b0f78d1b4341c9691
  TZImagePickerController: c3f7c505d23281e21e98df6dbeae372946caa28f
  YYKit: 7cda43304a8dc3696c449041e2cb3107b4e236e7

PODFILE CHECKSUM: 08873568052cbceeae971f7d6d8b30c5b4d1e56b

COCOAPODS: 1.5.3
